// !$*UTF8*$!
{
	archiveVersion = 1;
	classes = {
	};
	objectVersion = 46;
	objects = {

/* Begin PBXBuildFile section */
		5002FCDF1919558C00A998BC /* CryptoppDemoHashViewController.m in Sources */ = {isa = PBXBuildFile; fileRef = 5002FCA21919558C00A998BC /* CryptoppDemoHashViewController.m */; };
		5002FCE01919558C00A998BC /* CryptoppDemoMainViewController.m in Sources */ = {isa = PBXBuildFile; fileRef = 5002FCA41919558C00A998BC /* CryptoppDemoMainViewController.m */; };
		5002FCE11919558C00A998BC /* QRViewController.mm in Sources */ = {isa = PBXBuildFile; fileRef = 5002FCA71919558C00A998BC /* QRViewController.mm */; };
		5002FCE21919558C00A998BC /* QRViewController.xib in Resources */ = {isa = PBXBuildFile; fileRef = 5002FCA81919558C00A998BC /* QRViewController.xib */; };
		5002FCE31919558C00A998BC /* ScannerViewController.m in Sources */ = {isa = PBXBuildFile; fileRef = 5002FCAB1919558C00A998BC /* ScannerViewController.m */; };
		5002FCE41919558C00A998BC /* SigmaViewController.mm in Sources */ = {isa = PBXBuildFile; fileRef = 5002FCAE1919558C00A998BC /* SigmaViewController.mm */; };
		5002FCE51919558C00A998BC /* SigmaViewController.xib in Resources */ = {isa = PBXBuildFile; fileRef = 5002FCAF1919558C00A998BC /* SigmaViewController.xib */; };
		5002FCE61919558C00A998BC /* SignMessageViewController.mm in Sources */ = {isa = PBXBuildFile; fileRef = 5002FCB21919558C00A998BC /* SignMessageViewController.mm */; };
		5002FCE71919558C00A998BC /* SignMessageViewController.xib in Resources */ = {isa = PBXBuildFile; fileRef = 5002FCB31919558C00A998BC /* SignMessageViewController.xib */; };
		5002FCE81919558C00A998BC /* NSData+Base64.m in Sources */ = {isa = PBXBuildFile; fileRef = 5002FCB61919558C00A998BC /* NSData+Base64.m */; };
		5002FCE91919558C00A998BC /* NSString+CStringLossless.mm in Sources */ = {isa = PBXBuildFile; fileRef = 5002FCB81919558C00A998BC /* NSString+CStringLossless.mm */; };
		5002FCEA1919558C00A998BC /* UIView+Geometry.m in Sources */ = {isa = PBXBuildFile; fileRef = 5002FCBA1919558C00A998BC /* UIView+Geometry.m */; };
		5002FCEB1919558C00A998BC /* AKETest.cpp in Sources */ = {isa = PBXBuildFile; fileRef = 5002FCBE1919558C00A998BC /* AKETest.cpp */; };
		5002FCEC1919558C00A998BC /* Certification.cpp in Sources */ = {isa = PBXBuildFile; fileRef = 5002FCC01919558C00A998BC /* Certification.cpp */; };
		5002FCED1919558C00A998BC /* cryptocpp-key-gen.cpp in Sources */ = {isa = PBXBuildFile; fileRef = 5002FCC21919558C00A998BC /* cryptocpp-key-gen.cpp */; };
		5002FCEE1919558C00A998BC /* EncDecClass.cpp in Sources */ = {isa = PBXBuildFile; fileRef = 5002FCC41919558C00A998BC /* EncDecClass.cpp */; };
		5002FCEF1919558C00A998BC /* EncDecTest.cpp in Sources */ = {isa = PBXBuildFile; fileRef = 5002FCC61919558C00A998BC /* EncDecTest.cpp */; };
		5002FCF01919558C00A998BC /* Hash.cpp in Sources */ = {isa = PBXBuildFile; fileRef = 5002FCC81919558C00A998BC /* Hash.cpp */; };
		5002FCF11919558C00A998BC /* KeyGenerator.cpp in Sources */ = {isa = PBXBuildFile; fileRef = 5002FCCA1919558C00A998BC /* KeyGenerator.cpp */; };
		5002FCF21919558C00A998BC /* SchnorrSignature.cpp in Sources */ = {isa = PBXBuildFile; fileRef = 5002FCCC1919558C00A998BC /* SchnorrSignature.cpp */; };
		5002FCF31919558C00A998BC /* Sigma.cpp in Sources */ = {isa = PBXBuildFile; fileRef = 5002FCCE1919558C00A998BC /* Sigma.cpp */; };
		5002FCF41919558C00A998BC /* CryptoppSignature.mm in Sources */ = {isa = PBXBuildFile; fileRef = 5002FCD11919558C00A998BC /* CryptoppSignature.mm */; };
		5002FCF51919558C00A998BC /* CryptoppHash.mm in Sources */ = {isa = PBXBuildFile; fileRef = 5002FCD41919558C00A998BC /* CryptoppHash.mm */; };
		5002FCF61919558C00A998BC /* SchnorrSigningModel.mm in Sources */ = {isa = PBXBuildFile; fileRef = 5002FCD71919558C00A998BC /* SchnorrSigningModel.mm */; };
		5002FCF71919558C00A998BC /* SigmaKeyAgreement.mm in Sources */ = {isa = PBXBuildFile; fileRef = 5002FCDA1919558C00A998BC /* SigmaKeyAgreement.mm */; };
		5002FCF81919558C00A998BC /* SigmaKeyValidation.mm in Sources */ = {isa = PBXBuildFile; fileRef = 5002FCDC1919558C00A998BC /* SigmaKeyValidation.mm */; };
		5002FCF91919558C00A998BC /* SigmaParty.mm in Sources */ = {isa = PBXBuildFile; fileRef = 5002FCDE1919558C00A998BC /* SigmaParty.mm */; };
		5002FCFB19195E4000A998BC /* ScannerViewController.xib in Resources */ = {isa = PBXBuildFile; fileRef = 5002FCFA19195E4000A998BC /* ScannerViewController.xib */; };
		5012B446181FF697008D74D4 /* AVFoundation.framework in Frameworks */ = {isa = PBXBuildFile; fileRef = 5012B445181FF697008D74D4 /* AVFoundation.framework */; };
		5012B448181FF69F008D74D4 /* AudioToolbox.framework in Frameworks */ = {isa = PBXBuildFile; fileRef = 5012B447181FF69F008D74D4 /* AudioToolbox.framework */; };
		5012B44A181FF6A6008D74D4 /* CoreVideo.framework in Frameworks */ = {isa = PBXBuildFile; fileRef = 5012B449181FF6A6008D74D4 /* CoreVideo.framework */; };
		5012B44C181FF6AD008D74D4 /* CoreMedia.framework in Frameworks */ = {isa = PBXBuildFile; fileRef = 5012B44B181FF6AD008D74D4 /* CoreMedia.framework */; };
		5012B44E181FF6BA008D74D4 /* libiconv.dylib in Frameworks */ = {isa = PBXBuildFile; fileRef = 5012B44D181FF6BA008D74D4 /* libiconv.dylib */; };
		5012B451181FF6C4008D74D4 /* AddressBook.framework in Frameworks */ = {isa = PBXBuildFile; fileRef = 5012B44F181FF6C4008D74D4 /* AddressBook.framework */; };
		5012B452181FF6C4008D74D4 /* AddressBookUI.framework in Frameworks */ = {isa = PBXBuildFile; fileRef = 5012B450181FF6C4008D74D4 /* AddressBookUI.framework */; };
		50A8644E181C7E0E0012CE52 /* libcryptopp.a in Frameworks */ = {isa = PBXBuildFile; fileRef = 50A8644D181C7E0E0012CE52 /* libcryptopp.a */; };
		50AC470B1857336600CC36B4 /* Images.xcassets in Resources */ = {isa = PBXBuildFile; fileRef = 50AC470A1857336600CC36B4 /* Images.xcassets */; };
		50AC474E18573D9300CC36B4 /* libqrencoder.a in Frameworks */ = {isa = PBXBuildFile; fileRef = 50AC474918573D6800CC36B4 /* libqrencoder.a */; };
		83F72F5E14A407170061CCFF /* UIKit.framework in Frameworks */ = {isa = PBXBuildFile; fileRef = 83F72F5D14A407170061CCFF /* UIKit.framework */; };
		83F72F6014A407170061CCFF /* Foundation.framework in Frameworks */ = {isa = PBXBuildFile; fileRef = 83F72F5F14A407170061CCFF /* Foundation.framework */; };
		83F72F6214A407170061CCFF /* CoreGraphics.framework in Frameworks */ = {isa = PBXBuildFile; fileRef = 83F72F6114A407170061CCFF /* CoreGraphics.framework */; };
		83F72F6814A407170061CCFF /* InfoPlist.strings in Resources */ = {isa = PBXBuildFile; fileRef = 83F72F6614A407170061CCFF /* InfoPlist.strings */; };
		83F72F6A14A407170061CCFF /* main.mm in Sources */ = {isa = PBXBuildFile; fileRef = 83F72F6914A407170061CCFF /* main.mm */; };
		83F72F6E14A407170061CCFF /* CryptoppDemoAppDelegate.mm in Sources */ = {isa = PBXBuildFile; fileRef = 83F72F6D14A407170061CCFF /* CryptoppDemoAppDelegate.mm */; };
		83F72F7714A407170061CCFF /* CryptoppDemoMainViewController_iPhone.xib in Resources */ = {isa = PBXBuildFile; fileRef = 83F72F7514A407170061CCFF /* CryptoppDemoMainViewController_iPhone.xib */; };
		83F72F7A14A407170061CCFF /* CryptoppDemoMainViewController_iPad.xib in Resources */ = {isa = PBXBuildFile; fileRef = 83F72F7814A407170061CCFF /* CryptoppDemoMainViewController_iPad.xib */; };
		83F72F7D14A407170061CCFF /* CryptoppDemoHashViewController_iPhone.xib in Resources */ = {isa = PBXBuildFile; fileRef = 83F72F7B14A407170061CCFF /* CryptoppDemoHashViewController_iPhone.xib */; };
		83F72F8014A407170061CCFF /* CryptoppDemoHashViewController_iPad.xib in Resources */ = {isa = PBXBuildFile; fileRef = 83F72F7E14A407170061CCFF /* CryptoppDemoHashViewController_iPad.xib */; };
/* End PBXBuildFile section */

/* Begin PBXContainerItemProxy section */
		50AC474818573D6800CC36B4 /* PBXContainerItemProxy */ = {
			isa = PBXContainerItemProxy;
			containerPortal = 50AC474318573D6800CC36B4 /* QRCodeEncoderObjectiveCAtGithub.xcodeproj */;
			proxyType = 2;
			remoteGlobalIDString = 9672D35713BD662F0002B0E2;
			remoteInfo = qrencoder;
		};
		50AC474A18573D6800CC36B4 /* PBXContainerItemProxy */ = {
			isa = PBXContainerItemProxy;
			containerPortal = 50AC474318573D6800CC36B4 /* QRCodeEncoderObjectiveCAtGithub.xcodeproj */;
			proxyType = 2;
			remoteGlobalIDString = 9621844115431DBA00447877;
			remoteInfo = QRCodeEncoderDemo;
		};
		50AC474C18573D8500CC36B4 /* PBXContainerItemProxy */ = {
			isa = PBXContainerItemProxy;
			containerPortal = 50AC474318573D6800CC36B4 /* QRCodeEncoderObjectiveCAtGithub.xcodeproj */;
			proxyType = 1;
			remoteGlobalIDString = 9672D35613BD662F0002B0E2;
			remoteInfo = qrencoder;
		};
/* End PBXContainerItemProxy section */

/* Begin PBXFileReference section */
		5002FCA11919558C00A998BC /* CryptoppDemoHashViewController.h */ = {isa = PBXFileReference; fileEncoding = 4; lastKnownFileType = sourcecode.c.h; path = CryptoppDemoHashViewController.h; sourceTree = "<group>"; };
		5002FCA21919558C00A998BC /* CryptoppDemoHashViewController.m */ = {isa = PBXFileReference; fileEncoding = 4; lastKnownFileType = sourcecode.c.objc; path = CryptoppDemoHashViewController.m; sourceTree = "<group>"; };
		5002FCA31919558C00A998BC /* CryptoppDemoMainViewController.h */ = {isa = PBXFileReference; fileEncoding = 4; lastKnownFileType = sourcecode.c.h; path = CryptoppDemoMainViewController.h; sourceTree = "<group>"; };
		5002FCA41919558C00A998BC /* CryptoppDemoMainViewController.m */ = {isa = PBXFileReference; fileEncoding = 4; lastKnownFileType = sourcecode.c.objc; path = CryptoppDemoMainViewController.m; sourceTree = "<group>"; };
		5002FCA61919558C00A998BC /* QRViewController.h */ = {isa = PBXFileReference; fileEncoding = 4; lastKnownFileType = sourcecode.c.h; path = QRViewController.h; sourceTree = "<group>"; };
		5002FCA71919558C00A998BC /* QRViewController.mm */ = {isa = PBXFileReference; fileEncoding = 4; lastKnownFileType = sourcecode.cpp.objcpp; path = QRViewController.mm; sourceTree = "<group>"; };
		5002FCA81919558C00A998BC /* QRViewController.xib */ = {isa = PBXFileReference; fileEncoding = 4; lastKnownFileType = file.xib; path = QRViewController.xib; sourceTree = "<group>"; };
		5002FCAA1919558C00A998BC /* ScannerViewController.h */ = {isa = PBXFileReference; fileEncoding = 4; lastKnownFileType = sourcecode.c.h; path = ScannerViewController.h; sourceTree = "<group>"; };
		5002FCAB1919558C00A998BC /* ScannerViewController.m */ = {isa = PBXFileReference; fileEncoding = 4; lastKnownFileType = sourcecode.c.objc; path = ScannerViewController.m; sourceTree = "<group>"; };
		5002FCAD1919558C00A998BC /* SigmaViewController.h */ = {isa = PBXFileReference; fileEncoding = 4; lastKnownFileType = sourcecode.c.h; path = SigmaViewController.h; sourceTree = "<group>"; };
		5002FCAE1919558C00A998BC /* SigmaViewController.mm */ = {isa = PBXFileReference; fileEncoding = 4; lastKnownFileType = sourcecode.cpp.objcpp; path = SigmaViewController.mm; sourceTree = "<group>"; };
		5002FCAF1919558C00A998BC /* SigmaViewController.xib */ = {isa = PBXFileReference; fileEncoding = 4; lastKnownFileType = file.xib; path = SigmaViewController.xib; sourceTree = "<group>"; };
		5002FCB11919558C00A998BC /* SignMessageViewController.h */ = {isa = PBXFileReference; fileEncoding = 4; lastKnownFileType = sourcecode.c.h; path = SignMessageViewController.h; sourceTree = "<group>"; };
		5002FCB21919558C00A998BC /* SignMessageViewController.mm */ = {isa = PBXFileReference; fileEncoding = 4; lastKnownFileType = sourcecode.cpp.objcpp; path = SignMessageViewController.mm; sourceTree = "<group>"; };
		5002FCB31919558C00A998BC /* SignMessageViewController.xib */ = {isa = PBXFileReference; fileEncoding = 4; lastKnownFileType = file.xib; path = SignMessageViewController.xib; sourceTree = "<group>"; };
		5002FCB51919558C00A998BC /* NSData+Base64.h */ = {isa = PBXFileReference; fileEncoding = 4; lastKnownFileType = sourcecode.c.h; path = "NSData+Base64.h"; sourceTree = "<group>"; };
		5002FCB61919558C00A998BC /* NSData+Base64.m */ = {isa = PBXFileReference; fileEncoding = 4; lastKnownFileType = sourcecode.c.objc; path = "NSData+Base64.m"; sourceTree = "<group>"; };
		5002FCB71919558C00A998BC /* NSString+CStringLossless.h */ = {isa = PBXFileReference; fileEncoding = 4; lastKnownFileType = sourcecode.c.h; path = "NSString+CStringLossless.h"; sourceTree = "<group>"; };
		5002FCB81919558C00A998BC /* NSString+CStringLossless.mm */ = {isa = PBXFileReference; fileEncoding = 4; lastKnownFileType = sourcecode.cpp.objcpp; path = "NSString+CStringLossless.mm"; sourceTree = "<group>"; };
		5002FCB91919558C00A998BC /* UIView+Geometry.h */ = {isa = PBXFileReference; fileEncoding = 4; lastKnownFileType = sourcecode.c.h; path = "UIView+Geometry.h"; sourceTree = "<group>"; };
		5002FCBA1919558C00A998BC /* UIView+Geometry.m */ = {isa = PBXFileReference; fileEncoding = 4; lastKnownFileType = sourcecode.c.objc; path = "UIView+Geometry.m"; sourceTree = "<group>"; };
		5002FCBE1919558C00A998BC /* AKETest.cpp */ = {isa = PBXFileReference; fileEncoding = 4; lastKnownFileType = sourcecode.cpp.cpp; path = AKETest.cpp; sourceTree = "<group>"; };
		5002FCBF1919558C00A998BC /* AKETest.h */ = {isa = PBXFileReference; fileEncoding = 4; lastKnownFileType = sourcecode.c.h; path = AKETest.h; sourceTree = "<group>"; };
		5002FCC01919558C00A998BC /* Certification.cpp */ = {isa = PBXFileReference; fileEncoding = 4; lastKnownFileType = sourcecode.cpp.cpp; path = Certification.cpp; sourceTree = "<group>"; };
		5002FCC11919558C00A998BC /* Certification.h */ = {isa = PBXFileReference; fileEncoding = 4; lastKnownFileType = sourcecode.c.h; path = Certification.h; sourceTree = "<group>"; };
		5002FCC21919558C00A998BC /* cryptocpp-key-gen.cpp */ = {isa = PBXFileReference; fileEncoding = 4; lastKnownFileType = sourcecode.cpp.cpp; path = "cryptocpp-key-gen.cpp"; sourceTree = "<group>"; };
		5002FCC31919558C00A998BC /* cryptocpp-key-gen.h */ = {isa = PBXFileReference; fileEncoding = 4; lastKnownFileType = sourcecode.c.h; path = "cryptocpp-key-gen.h"; sourceTree = "<group>"; };
		5002FCC41919558C00A998BC /* EncDecClass.cpp */ = {isa = PBXFileReference; fileEncoding = 4; lastKnownFileType = sourcecode.cpp.cpp; path = EncDecClass.cpp; sourceTree = "<group>"; };
		5002FCC51919558C00A998BC /* EncDecClass.h */ = {isa = PBXFileReference; fileEncoding = 4; lastKnownFileType = sourcecode.c.h; path = EncDecClass.h; sourceTree = "<group>"; };
		5002FCC61919558C00A998BC /* EncDecTest.cpp */ = {isa = PBXFileReference; fileEncoding = 4; lastKnownFileType = sourcecode.cpp.cpp; path = EncDecTest.cpp; sourceTree = "<group>"; };
		5002FCC71919558C00A998BC /* EncDecTest.h */ = {isa = PBXFileReference; fileEncoding = 4; lastKnownFileType = sourcecode.c.h; path = EncDecTest.h; sourceTree = "<group>"; };
		5002FCC81919558C00A998BC /* Hash.cpp */ = {isa = PBXFileReference; fileEncoding = 4; lastKnownFileType = sourcecode.cpp.cpp; path = Hash.cpp; sourceTree = "<group>"; };
		5002FCC91919558C00A998BC /* Hash.h */ = {isa = PBXFileReference; fileEncoding = 4; lastKnownFileType = sourcecode.c.h; path = Hash.h; sourceTree = "<group>"; };
		5002FCCA1919558C00A998BC /* KeyGenerator.cpp */ = {isa = PBXFileReference; fileEncoding = 4; lastKnownFileType = sourcecode.cpp.cpp; path = KeyGenerator.cpp; sourceTree = "<group>"; };
		5002FCCB1919558C00A998BC /* KeyGenerator.h */ = {isa = PBXFileReference; fileEncoding = 4; lastKnownFileType = sourcecode.c.h; path = KeyGenerator.h; sourceTree = "<group>"; };
		5002FCCC1919558C00A998BC /* SchnorrSignature.cpp */ = {isa = PBXFileReference; fileEncoding = 4; lastKnownFileType = sourcecode.cpp.cpp; path = SchnorrSignature.cpp; sourceTree = "<group>"; };
		5002FCCD1919558C00A998BC /* SchnorrSignature.h */ = {isa = PBXFileReference; fileEncoding = 4; lastKnownFileType = sourcecode.c.h; path = SchnorrSignature.h; sourceTree = "<group>"; };
		5002FCCE1919558C00A998BC /* Sigma.cpp */ = {isa = PBXFileReference; fileEncoding = 4; lastKnownFileType = sourcecode.cpp.cpp; path = Sigma.cpp; sourceTree = "<group>"; };
		5002FCCF1919558C00A998BC /* Sigma.h */ = {isa = PBXFileReference; fileEncoding = 4; lastKnownFileType = sourcecode.c.h; path = Sigma.h; sourceTree = "<group>"; };
		5002FCD01919558C00A998BC /* CryptoppSignature.h */ = {isa = PBXFileReference; fileEncoding = 4; lastKnownFileType = sourcecode.c.h; path = CryptoppSignature.h; sourceTree = "<group>"; };
		5002FCD11919558C00A998BC /* CryptoppSignature.mm */ = {isa = PBXFileReference; fileEncoding = 4; lastKnownFileType = sourcecode.cpp.objcpp; path = CryptoppSignature.mm; sourceTree = "<group>"; };
		5002FCD31919558C00A998BC /* CryptoppHash.h */ = {isa = PBXFileReference; fileEncoding = 4; lastKnownFileType = sourcecode.c.h; path = CryptoppHash.h; sourceTree = "<group>"; };
		5002FCD41919558C00A998BC /* CryptoppHash.mm */ = {isa = PBXFileReference; fileEncoding = 4; lastKnownFileType = sourcecode.cpp.objcpp; path = CryptoppHash.mm; sourceTree = "<group>"; };
		5002FCD61919558C00A998BC /* SchnorrSigningModel.h */ = {isa = PBXFileReference; fileEncoding = 4; lastKnownFileType = sourcecode.c.h; path = SchnorrSigningModel.h; sourceTree = "<group>"; };
		5002FCD71919558C00A998BC /* SchnorrSigningModel.mm */ = {isa = PBXFileReference; fileEncoding = 4; lastKnownFileType = sourcecode.cpp.objcpp; path = SchnorrSigningModel.mm; sourceTree = "<group>"; };
		5002FCD91919558C00A998BC /* SigmaKeyAgreement.h */ = {isa = PBXFileReference; fileEncoding = 4; lastKnownFileType = sourcecode.c.h; path = SigmaKeyAgreement.h; sourceTree = "<group>"; };
		5002FCDA1919558C00A998BC /* SigmaKeyAgreement.mm */ = {isa = PBXFileReference; fileEncoding = 4; lastKnownFileType = sourcecode.cpp.objcpp; path = SigmaKeyAgreement.mm; sourceTree = "<group>"; };
		5002FCDB1919558C00A998BC /* SigmaKeyValidation.h */ = {isa = PBXFileReference; fileEncoding = 4; lastKnownFileType = sourcecode.c.h; path = SigmaKeyValidation.h; sourceTree = "<group>"; };
		5002FCDC1919558C00A998BC /* SigmaKeyValidation.mm */ = {isa = PBXFileReference; fileEncoding = 4; lastKnownFileType = sourcecode.cpp.objcpp; path = SigmaKeyValidation.mm; sourceTree = "<group>"; };
		5002FCDD1919558C00A998BC /* SigmaParty.h */ = {isa = PBXFileReference; fileEncoding = 4; lastKnownFileType = sourcecode.c.h; path = SigmaParty.h; sourceTree = "<group>"; };
		5002FCDE1919558C00A998BC /* SigmaParty.mm */ = {isa = PBXFileReference; fileEncoding = 4; lastKnownFileType = sourcecode.cpp.objcpp; path = SigmaParty.mm; sourceTree = "<group>"; };
		5002FCFA19195E4000A998BC /* ScannerViewController.xib */ = {isa = PBXFileReference; fileEncoding = 4; lastKnownFileType = file.xib; path = ScannerViewController.xib; sourceTree = "<group>"; };
		5012B445181FF697008D74D4 /* AVFoundation.framework */ = {isa = PBXFileReference; lastKnownFileType = wrapper.framework; name = AVFoundation.framework; path = System/Library/Frameworks/AVFoundation.framework; sourceTree = SDKROOT; };
		5012B447181FF69F008D74D4 /* AudioToolbox.framework */ = {isa = PBXFileReference; lastKnownFileType = wrapper.framework; name = AudioToolbox.framework; path = System/Library/Frameworks/AudioToolbox.framework; sourceTree = SDKROOT; };
		5012B449181FF6A6008D74D4 /* CoreVideo.framework */ = {isa = PBXFileReference; lastKnownFileType = wrapper.framework; name = CoreVideo.framework; path = System/Library/Frameworks/CoreVideo.framework; sourceTree = SDKROOT; };
		5012B44B181FF6AD008D74D4 /* CoreMedia.framework */ = {isa = PBXFileReference; lastKnownFileType = wrapper.framework; name = CoreMedia.framework; path = System/Library/Frameworks/CoreMedia.framework; sourceTree = SDKROOT; };
		5012B44D181FF6BA008D74D4 /* libiconv.dylib */ = {isa = PBXFileReference; lastKnownFileType = "compiled.mach-o.dylib"; name = libiconv.dylib; path = usr/lib/libiconv.dylib; sourceTree = SDKROOT; };
		5012B44F181FF6C4008D74D4 /* AddressBook.framework */ = {isa = PBXFileReference; lastKnownFileType = wrapper.framework; name = AddressBook.framework; path = System/Library/Frameworks/AddressBook.framework; sourceTree = SDKROOT; };
		5012B450181FF6C4008D74D4 /* AddressBookUI.framework */ = {isa = PBXFileReference; lastKnownFileType = wrapper.framework; name = AddressBookUI.framework; path = System/Library/Frameworks/AddressBookUI.framework; sourceTree = SDKROOT; };
		50A863C6181C7DEC0012CE52 /* 3way.h */ = {isa = PBXFileReference; fileEncoding = 4; lastKnownFileType = sourcecode.c.h; path = 3way.h; sourceTree = "<group>"; };
		50A863C7181C7DEC0012CE52 /* adler32.h */ = {isa = PBXFileReference; fileEncoding = 4; lastKnownFileType = sourcecode.c.h; path = adler32.h; sourceTree = "<group>"; };
		50A863C8181C7DEC0012CE52 /* aes.h */ = {isa = PBXFileReference; fileEncoding = 4; lastKnownFileType = sourcecode.c.h; path = aes.h; sourceTree = "<group>"; };
		50A863C9181C7DEC0012CE52 /* algebra.h */ = {isa = PBXFileReference; fileEncoding = 4; lastKnownFileType = sourcecode.c.h; path = algebra.h; sourceTree = "<group>"; };
		50A863CA181C7DEC0012CE52 /* algparam.h */ = {isa = PBXFileReference; fileEncoding = 4; lastKnownFileType = sourcecode.c.h; path = algparam.h; sourceTree = "<group>"; };
		50A863CB181C7DEC0012CE52 /* arc4.h */ = {isa = PBXFileReference; fileEncoding = 4; lastKnownFileType = sourcecode.c.h; path = arc4.h; sourceTree = "<group>"; };
		50A863CC181C7DEC0012CE52 /* argnames.h */ = {isa = PBXFileReference; fileEncoding = 4; lastKnownFileType = sourcecode.c.h; path = argnames.h; sourceTree = "<group>"; };
		50A863CD181C7DEC0012CE52 /* asn.h */ = {isa = PBXFileReference; fileEncoding = 4; lastKnownFileType = sourcecode.c.h; path = asn.h; sourceTree = "<group>"; };
		50A863CE181C7DEC0012CE52 /* authenc.h */ = {isa = PBXFileReference; fileEncoding = 4; lastKnownFileType = sourcecode.c.h; path = authenc.h; sourceTree = "<group>"; };
		50A863CF181C7DEC0012CE52 /* base32.h */ = {isa = PBXFileReference; fileEncoding = 4; lastKnownFileType = sourcecode.c.h; path = base32.h; sourceTree = "<group>"; };
		50A863D0181C7DEC0012CE52 /* base64.h */ = {isa = PBXFileReference; fileEncoding = 4; lastKnownFileType = sourcecode.c.h; path = base64.h; sourceTree = "<group>"; };
		50A863D1181C7DEC0012CE52 /* basecode.h */ = {isa = PBXFileReference; fileEncoding = 4; lastKnownFileType = sourcecode.c.h; path = basecode.h; sourceTree = "<group>"; };
		50A863D2181C7DEC0012CE52 /* bench.h */ = {isa = PBXFileReference; fileEncoding = 4; lastKnownFileType = sourcecode.c.h; path = bench.h; sourceTree = "<group>"; };
		50A863D3181C7DEC0012CE52 /* blowfish.h */ = {isa = PBXFileReference; fileEncoding = 4; lastKnownFileType = sourcecode.c.h; path = blowfish.h; sourceTree = "<group>"; };
		50A863D4181C7DEC0012CE52 /* blumshub.h */ = {isa = PBXFileReference; fileEncoding = 4; lastKnownFileType = sourcecode.c.h; path = blumshub.h; sourceTree = "<group>"; };
		50A863D5181C7DEC0012CE52 /* camellia.h */ = {isa = PBXFileReference; fileEncoding = 4; lastKnownFileType = sourcecode.c.h; path = camellia.h; sourceTree = "<group>"; };
		50A863D6181C7DEC0012CE52 /* cast.h */ = {isa = PBXFileReference; fileEncoding = 4; lastKnownFileType = sourcecode.c.h; path = cast.h; sourceTree = "<group>"; };
		50A863D7181C7DEC0012CE52 /* cbcmac.h */ = {isa = PBXFileReference; fileEncoding = 4; lastKnownFileType = sourcecode.c.h; path = cbcmac.h; sourceTree = "<group>"; };
		50A863D8181C7DEC0012CE52 /* ccm.h */ = {isa = PBXFileReference; fileEncoding = 4; lastKnownFileType = sourcecode.c.h; path = ccm.h; sourceTree = "<group>"; };
		50A863D9181C7DEC0012CE52 /* channels.h */ = {isa = PBXFileReference; fileEncoding = 4; lastKnownFileType = sourcecode.c.h; path = channels.h; sourceTree = "<group>"; };
		50A863DA181C7DEC0012CE52 /* cmac.h */ = {isa = PBXFileReference; fileEncoding = 4; lastKnownFileType = sourcecode.c.h; path = cmac.h; sourceTree = "<group>"; };
		50A863DB181C7DEC0012CE52 /* config.h */ = {isa = PBXFileReference; fileEncoding = 4; lastKnownFileType = sourcecode.c.h; path = config.h; sourceTree = "<group>"; };
		50A863DC181C7DEC0012CE52 /* cpu.h */ = {isa = PBXFileReference; fileEncoding = 4; lastKnownFileType = sourcecode.c.h; path = cpu.h; sourceTree = "<group>"; };
		50A863DD181C7DEC0012CE52 /* crc.h */ = {isa = PBXFileReference; fileEncoding = 4; lastKnownFileType = sourcecode.c.h; path = crc.h; sourceTree = "<group>"; };
		50A863DE181C7DEC0012CE52 /* cryptlib.h */ = {isa = PBXFileReference; fileEncoding = 4; lastKnownFileType = sourcecode.c.h; path = cryptlib.h; sourceTree = "<group>"; };
		50A863DF181C7DEC0012CE52 /* default.h */ = {isa = PBXFileReference; fileEncoding = 4; lastKnownFileType = sourcecode.c.h; path = default.h; sourceTree = "<group>"; };
		50A863E0181C7DEC0012CE52 /* des.h */ = {isa = PBXFileReference; fileEncoding = 4; lastKnownFileType = sourcecode.c.h; path = des.h; sourceTree = "<group>"; };
		50A863E1181C7DEC0012CE52 /* dh.h */ = {isa = PBXFileReference; fileEncoding = 4; lastKnownFileType = sourcecode.c.h; path = dh.h; sourceTree = "<group>"; };
		50A863E2181C7DEC0012CE52 /* dh2.h */ = {isa = PBXFileReference; fileEncoding = 4; lastKnownFileType = sourcecode.c.h; path = dh2.h; sourceTree = "<group>"; };
		50A863E3181C7DEC0012CE52 /* dll.h */ = {isa = PBXFileReference; fileEncoding = 4; lastKnownFileType = sourcecode.c.h; path = dll.h; sourceTree = "<group>"; };
		50A863E4181C7DEC0012CE52 /* dmac.h */ = {isa = PBXFileReference; fileEncoding = 4; lastKnownFileType = sourcecode.c.h; path = dmac.h; sourceTree = "<group>"; };
		50A863E5181C7DEC0012CE52 /* dsa.h */ = {isa = PBXFileReference; fileEncoding = 4; lastKnownFileType = sourcecode.c.h; path = dsa.h; sourceTree = "<group>"; };
		50A863E6181C7DEC0012CE52 /* eax.h */ = {isa = PBXFileReference; fileEncoding = 4; lastKnownFileType = sourcecode.c.h; path = eax.h; sourceTree = "<group>"; };
		50A863E7181C7DEC0012CE52 /* ec2n.h */ = {isa = PBXFileReference; fileEncoding = 4; lastKnownFileType = sourcecode.c.h; path = ec2n.h; sourceTree = "<group>"; };
		50A863E8181C7DEC0012CE52 /* eccrypto.h */ = {isa = PBXFileReference; fileEncoding = 4; lastKnownFileType = sourcecode.c.h; path = eccrypto.h; sourceTree = "<group>"; };
		50A863E9181C7DEC0012CE52 /* ecp.h */ = {isa = PBXFileReference; fileEncoding = 4; lastKnownFileType = sourcecode.c.h; path = ecp.h; sourceTree = "<group>"; };
		50A863EA181C7DEC0012CE52 /* elgamal.h */ = {isa = PBXFileReference; fileEncoding = 4; lastKnownFileType = sourcecode.c.h; path = elgamal.h; sourceTree = "<group>"; };
		50A863EB181C7DEC0012CE52 /* emsa2.h */ = {isa = PBXFileReference; fileEncoding = 4; lastKnownFileType = sourcecode.c.h; path = emsa2.h; sourceTree = "<group>"; };
		50A863EC181C7DEC0012CE52 /* eprecomp.h */ = {isa = PBXFileReference; fileEncoding = 4; lastKnownFileType = sourcecode.c.h; path = eprecomp.h; sourceTree = "<group>"; };
		50A863ED181C7DEC0012CE52 /* esign.h */ = {isa = PBXFileReference; fileEncoding = 4; lastKnownFileType = sourcecode.c.h; path = esign.h; sourceTree = "<group>"; };
		50A863EE181C7DEC0012CE52 /* factory.h */ = {isa = PBXFileReference; fileEncoding = 4; lastKnownFileType = sourcecode.c.h; path = factory.h; sourceTree = "<group>"; };
		50A863EF181C7DEC0012CE52 /* files.h */ = {isa = PBXFileReference; fileEncoding = 4; lastKnownFileType = sourcecode.c.h; path = files.h; sourceTree = "<group>"; };
		50A863F0181C7DEC0012CE52 /* filters.h */ = {isa = PBXFileReference; fileEncoding = 4; lastKnownFileType = sourcecode.c.h; path = filters.h; sourceTree = "<group>"; };
		50A863F1181C7DEC0012CE52 /* fips140.h */ = {isa = PBXFileReference; fileEncoding = 4; lastKnownFileType = sourcecode.c.h; path = fips140.h; sourceTree = "<group>"; };
		50A863F2181C7DEC0012CE52 /* fltrimpl.h */ = {isa = PBXFileReference; fileEncoding = 4; lastKnownFileType = sourcecode.c.h; path = fltrimpl.h; sourceTree = "<group>"; };
		50A863F3181C7DEC0012CE52 /* gcm.h */ = {isa = PBXFileReference; fileEncoding = 4; lastKnownFileType = sourcecode.c.h; path = gcm.h; sourceTree = "<group>"; };
		50A863F4181C7DEC0012CE52 /* gf2_32.h */ = {isa = PBXFileReference; fileEncoding = 4; lastKnownFileType = sourcecode.c.h; path = gf2_32.h; sourceTree = "<group>"; };
		50A863F5181C7DEC0012CE52 /* gf2n.h */ = {isa = PBXFileReference; fileEncoding = 4; lastKnownFileType = sourcecode.c.h; path = gf2n.h; sourceTree = "<group>"; };
		50A863F6181C7DEC0012CE52 /* gf256.h */ = {isa = PBXFileReference; fileEncoding = 4; lastKnownFileType = sourcecode.c.h; path = gf256.h; sourceTree = "<group>"; };
		50A863F7181C7DEC0012CE52 /* gfpcrypt.h */ = {isa = PBXFileReference; fileEncoding = 4; lastKnownFileType = sourcecode.c.h; path = gfpcrypt.h; sourceTree = "<group>"; };
		50A863F8181C7DEC0012CE52 /* gost.h */ = {isa = PBXFileReference; fileEncoding = 4; lastKnownFileType = sourcecode.c.h; path = gost.h; sourceTree = "<group>"; };
		50A863F9181C7DEC0012CE52 /* gzip.h */ = {isa = PBXFileReference; fileEncoding = 4; lastKnownFileType = sourcecode.c.h; path = gzip.h; sourceTree = "<group>"; };
		50A863FA181C7DEC0012CE52 /* hex.h */ = {isa = PBXFileReference; fileEncoding = 4; lastKnownFileType = sourcecode.c.h; path = hex.h; sourceTree = "<group>"; };
		50A863FB181C7DEC0012CE52 /* hmac.h */ = {isa = PBXFileReference; fileEncoding = 4; lastKnownFileType = sourcecode.c.h; path = hmac.h; sourceTree = "<group>"; };
		50A863FC181C7DEC0012CE52 /* hrtimer.h */ = {isa = PBXFileReference; fileEncoding = 4; lastKnownFileType = sourcecode.c.h; path = hrtimer.h; sourceTree = "<group>"; };
		50A863FD181C7DEC0012CE52 /* ida.h */ = {isa = PBXFileReference; fileEncoding = 4; lastKnownFileType = sourcecode.c.h; path = ida.h; sourceTree = "<group>"; };
		50A863FE181C7DEC0012CE52 /* idea.h */ = {isa = PBXFileReference; fileEncoding = 4; lastKnownFileType = sourcecode.c.h; path = idea.h; sourceTree = "<group>"; };
		50A863FF181C7DEC0012CE52 /* integer.h */ = {isa = PBXFileReference; fileEncoding = 4; lastKnownFileType = sourcecode.c.h; path = integer.h; sourceTree = "<group>"; };
		50A86400181C7DEC0012CE52 /* iterhash.h */ = {isa = PBXFileReference; fileEncoding = 4; lastKnownFileType = sourcecode.c.h; path = iterhash.h; sourceTree = "<group>"; };
		50A86401181C7DEC0012CE52 /* lubyrack.h */ = {isa = PBXFileReference; fileEncoding = 4; lastKnownFileType = sourcecode.c.h; path = lubyrack.h; sourceTree = "<group>"; };
		50A86402181C7DEC0012CE52 /* luc.h */ = {isa = PBXFileReference; fileEncoding = 4; lastKnownFileType = sourcecode.c.h; path = luc.h; sourceTree = "<group>"; };
		50A86403181C7DEC0012CE52 /* mars.h */ = {isa = PBXFileReference; fileEncoding = 4; lastKnownFileType = sourcecode.c.h; path = mars.h; sourceTree = "<group>"; };
		50A86404181C7DEC0012CE52 /* md2.h */ = {isa = PBXFileReference; fileEncoding = 4; lastKnownFileType = sourcecode.c.h; path = md2.h; sourceTree = "<group>"; };
		50A86405181C7DEC0012CE52 /* md4.h */ = {isa = PBXFileReference; fileEncoding = 4; lastKnownFileType = sourcecode.c.h; path = md4.h; sourceTree = "<group>"; };
		50A86406181C7DEC0012CE52 /* md5.h */ = {isa = PBXFileReference; fileEncoding = 4; lastKnownFileType = sourcecode.c.h; path = md5.h; sourceTree = "<group>"; };
		50A86407181C7DEC0012CE52 /* mdc.h */ = {isa = PBXFileReference; fileEncoding = 4; lastKnownFileType = sourcecode.c.h; path = mdc.h; sourceTree = "<group>"; };
		50A86408181C7DEC0012CE52 /* misc.h */ = {isa = PBXFileReference; fileEncoding = 4; lastKnownFileType = sourcecode.c.h; path = misc.h; sourceTree = "<group>"; };
		50A86409181C7DEC0012CE52 /* modarith.h */ = {isa = PBXFileReference; fileEncoding = 4; lastKnownFileType = sourcecode.c.h; path = modarith.h; sourceTree = "<group>"; };
		50A8640A181C7DEC0012CE52 /* modes.h */ = {isa = PBXFileReference; fileEncoding = 4; lastKnownFileType = sourcecode.c.h; path = modes.h; sourceTree = "<group>"; };
		50A8640B181C7DEC0012CE52 /* modexppc.h */ = {isa = PBXFileReference; fileEncoding = 4; lastKnownFileType = sourcecode.c.h; path = modexppc.h; sourceTree = "<group>"; };
		50A8640C181C7DEC0012CE52 /* mqueue.h */ = {isa = PBXFileReference; fileEncoding = 4; lastKnownFileType = sourcecode.c.h; path = mqueue.h; sourceTree = "<group>"; };
		50A8640D181C7DEC0012CE52 /* mqv.h */ = {isa = PBXFileReference; fileEncoding = 4; lastKnownFileType = sourcecode.c.h; path = mqv.h; sourceTree = "<group>"; };
		50A8640E181C7DEC0012CE52 /* nbtheory.h */ = {isa = PBXFileReference; fileEncoding = 4; lastKnownFileType = sourcecode.c.h; path = nbtheory.h; sourceTree = "<group>"; };
		50A8640F181C7DEC0012CE52 /* network.h */ = {isa = PBXFileReference; fileEncoding = 4; lastKnownFileType = sourcecode.c.h; path = network.h; sourceTree = "<group>"; };
		50A86410181C7DEC0012CE52 /* nr.h */ = {isa = PBXFileReference; fileEncoding = 4; lastKnownFileType = sourcecode.c.h; path = nr.h; sourceTree = "<group>"; };
		50A86411181C7DEC0012CE52 /* oaep.h */ = {isa = PBXFileReference; fileEncoding = 4; lastKnownFileType = sourcecode.c.h; path = oaep.h; sourceTree = "<group>"; };
		50A86412181C7DEC0012CE52 /* oids.h */ = {isa = PBXFileReference; fileEncoding = 4; lastKnownFileType = sourcecode.c.h; path = oids.h; sourceTree = "<group>"; };
		50A86413181C7DEC0012CE52 /* osrng.h */ = {isa = PBXFileReference; fileEncoding = 4; lastKnownFileType = sourcecode.c.h; path = osrng.h; sourceTree = "<group>"; };
		50A86414181C7DEC0012CE52 /* panama.h */ = {isa = PBXFileReference; fileEncoding = 4; lastKnownFileType = sourcecode.c.h; path = panama.h; sourceTree = "<group>"; };
		50A86415181C7DEC0012CE52 /* pch.h */ = {isa = PBXFileReference; fileEncoding = 4; lastKnownFileType = sourcecode.c.h; path = pch.h; sourceTree = "<group>"; };
		50A86416181C7DEC0012CE52 /* pkcspad.h */ = {isa = PBXFileReference; fileEncoding = 4; lastKnownFileType = sourcecode.c.h; path = pkcspad.h; sourceTree = "<group>"; };
		50A86417181C7DEC0012CE52 /* polynomi.h */ = {isa = PBXFileReference; fileEncoding = 4; lastKnownFileType = sourcecode.c.h; path = polynomi.h; sourceTree = "<group>"; };
		50A86418181C7DEC0012CE52 /* pssr.h */ = {isa = PBXFileReference; fileEncoding = 4; lastKnownFileType = sourcecode.c.h; path = pssr.h; sourceTree = "<group>"; };
		50A86419181C7DEC0012CE52 /* pubkey.h */ = {isa = PBXFileReference; fileEncoding = 4; lastKnownFileType = sourcecode.c.h; path = pubkey.h; sourceTree = "<group>"; };
		50A8641A181C7DEC0012CE52 /* pwdbased.h */ = {isa = PBXFileReference; fileEncoding = 4; lastKnownFileType = sourcecode.c.h; path = pwdbased.h; sourceTree = "<group>"; };
		50A8641B181C7DEC0012CE52 /* queue.h */ = {isa = PBXFileReference; fileEncoding = 4; lastKnownFileType = sourcecode.c.h; path = queue.h; sourceTree = "<group>"; };
		50A8641C181C7DEC0012CE52 /* rabin.h */ = {isa = PBXFileReference; fileEncoding = 4; lastKnownFileType = sourcecode.c.h; path = rabin.h; sourceTree = "<group>"; };
		50A8641D181C7DEC0012CE52 /* randpool.h */ = {isa = PBXFileReference; fileEncoding = 4; lastKnownFileType = sourcecode.c.h; path = randpool.h; sourceTree = "<group>"; };
		50A8641E181C7DEC0012CE52 /* rc2.h */ = {isa = PBXFileReference; fileEncoding = 4; lastKnownFileType = sourcecode.c.h; path = rc2.h; sourceTree = "<group>"; };
		50A8641F181C7DEC0012CE52 /* rc5.h */ = {isa = PBXFileReference; fileEncoding = 4; lastKnownFileType = sourcecode.c.h; path = rc5.h; sourceTree = "<group>"; };
		50A86420181C7DEC0012CE52 /* rc6.h */ = {isa = PBXFileReference; fileEncoding = 4; lastKnownFileType = sourcecode.c.h; path = rc6.h; sourceTree = "<group>"; };
		50A86421181C7DEC0012CE52 /* resource.h */ = {isa = PBXFileReference; fileEncoding = 4; lastKnownFileType = sourcecode.c.h; path = resource.h; sourceTree = "<group>"; };
		50A86422181C7DEC0012CE52 /* rijndael.h */ = {isa = PBXFileReference; fileEncoding = 4; lastKnownFileType = sourcecode.c.h; path = rijndael.h; sourceTree = "<group>"; };
		50A86423181C7DEC0012CE52 /* ripemd.h */ = {isa = PBXFileReference; fileEncoding = 4; lastKnownFileType = sourcecode.c.h; path = ripemd.h; sourceTree = "<group>"; };
		50A86424181C7DEC0012CE52 /* rng.h */ = {isa = PBXFileReference; fileEncoding = 4; lastKnownFileType = sourcecode.c.h; path = rng.h; sourceTree = "<group>"; };
		50A86425181C7DEC0012CE52 /* rsa.h */ = {isa = PBXFileReference; fileEncoding = 4; lastKnownFileType = sourcecode.c.h; path = rsa.h; sourceTree = "<group>"; };
		50A86426181C7DEC0012CE52 /* rw.h */ = {isa = PBXFileReference; fileEncoding = 4; lastKnownFileType = sourcecode.c.h; path = rw.h; sourceTree = "<group>"; };
		50A86427181C7DEC0012CE52 /* safer.h */ = {isa = PBXFileReference; fileEncoding = 4; lastKnownFileType = sourcecode.c.h; path = safer.h; sourceTree = "<group>"; };
		50A86428181C7DEC0012CE52 /* salsa.h */ = {isa = PBXFileReference; fileEncoding = 4; lastKnownFileType = sourcecode.c.h; path = salsa.h; sourceTree = "<group>"; };
		50A86429181C7DEC0012CE52 /* seal.h */ = {isa = PBXFileReference; fileEncoding = 4; lastKnownFileType = sourcecode.c.h; path = seal.h; sourceTree = "<group>"; };
		50A8642A181C7DEC0012CE52 /* secblock.h */ = {isa = PBXFileReference; fileEncoding = 4; lastKnownFileType = sourcecode.c.h; path = secblock.h; sourceTree = "<group>"; };
		50A8642B181C7DEC0012CE52 /* seckey.h */ = {isa = PBXFileReference; fileEncoding = 4; lastKnownFileType = sourcecode.c.h; path = seckey.h; sourceTree = "<group>"; };
		50A8642C181C7DEC0012CE52 /* seed.h */ = {isa = PBXFileReference; fileEncoding = 4; lastKnownFileType = sourcecode.c.h; path = seed.h; sourceTree = "<group>"; };
		50A8642D181C7DEC0012CE52 /* serpent.h */ = {isa = PBXFileReference; fileEncoding = 4; lastKnownFileType = sourcecode.c.h; path = serpent.h; sourceTree = "<group>"; };
		50A8642E181C7DEC0012CE52 /* serpentp.h */ = {isa = PBXFileReference; fileEncoding = 4; lastKnownFileType = sourcecode.c.h; path = serpentp.h; sourceTree = "<group>"; };
		50A8642F181C7DEC0012CE52 /* sha.h */ = {isa = PBXFileReference; fileEncoding = 4; lastKnownFileType = sourcecode.c.h; path = sha.h; sourceTree = "<group>"; };
		50A86430181C7DEC0012CE52 /* sha3.h */ = {isa = PBXFileReference; fileEncoding = 4; lastKnownFileType = sourcecode.c.h; path = sha3.h; sourceTree = "<group>"; };
		50A86431181C7DEC0012CE52 /* shacal2.h */ = {isa = PBXFileReference; fileEncoding = 4; lastKnownFileType = sourcecode.c.h; path = shacal2.h; sourceTree = "<group>"; };
		50A86432181C7DEC0012CE52 /* shark.h */ = {isa = PBXFileReference; fileEncoding = 4; lastKnownFileType = sourcecode.c.h; path = shark.h; sourceTree = "<group>"; };
		50A86433181C7DEC0012CE52 /* simple.h */ = {isa = PBXFileReference; fileEncoding = 4; lastKnownFileType = sourcecode.c.h; path = simple.h; sourceTree = "<group>"; };
		50A86434181C7DEC0012CE52 /* skipjack.h */ = {isa = PBXFileReference; fileEncoding = 4; lastKnownFileType = sourcecode.c.h; path = skipjack.h; sourceTree = "<group>"; };
		50A86435181C7DEC0012CE52 /* smartptr.h */ = {isa = PBXFileReference; fileEncoding = 4; lastKnownFileType = sourcecode.c.h; path = smartptr.h; sourceTree = "<group>"; };
		50A86436181C7DED0012CE52 /* socketft.h */ = {isa = PBXFileReference; fileEncoding = 4; lastKnownFileType = sourcecode.c.h; path = socketft.h; sourceTree = "<group>"; };
		50A86437181C7DED0012CE52 /* sosemanuk.h */ = {isa = PBXFileReference; fileEncoding = 4; lastKnownFileType = sourcecode.c.h; path = sosemanuk.h; sourceTree = "<group>"; };
		50A86438181C7DED0012CE52 /* square.h */ = {isa = PBXFileReference; fileEncoding = 4; lastKnownFileType = sourcecode.c.h; path = square.h; sourceTree = "<group>"; };
		50A86439181C7DED0012CE52 /* stdcpp.h */ = {isa = PBXFileReference; fileEncoding = 4; lastKnownFileType = sourcecode.c.h; path = stdcpp.h; sourceTree = "<group>"; };
		50A8643A181C7DED0012CE52 /* strciphr.h */ = {isa = PBXFileReference; fileEncoding = 4; lastKnownFileType = sourcecode.c.h; path = strciphr.h; sourceTree = "<group>"; };
		50A8643B181C7DED0012CE52 /* tea.h */ = {isa = PBXFileReference; fileEncoding = 4; lastKnownFileType = sourcecode.c.h; path = tea.h; sourceTree = "<group>"; };
		50A8643C181C7DED0012CE52 /* tiger.h */ = {isa = PBXFileReference; fileEncoding = 4; lastKnownFileType = sourcecode.c.h; path = tiger.h; sourceTree = "<group>"; };
		50A8643D181C7DED0012CE52 /* trdlocal.h */ = {isa = PBXFileReference; fileEncoding = 4; lastKnownFileType = sourcecode.c.h; path = trdlocal.h; sourceTree = "<group>"; };
		50A8643E181C7DED0012CE52 /* trunhash.h */ = {isa = PBXFileReference; fileEncoding = 4; lastKnownFileType = sourcecode.c.h; path = trunhash.h; sourceTree = "<group>"; };
		50A8643F181C7DED0012CE52 /* ttmac.h */ = {isa = PBXFileReference; fileEncoding = 4; lastKnownFileType = sourcecode.c.h; path = ttmac.h; sourceTree = "<group>"; };
		50A86440181C7DED0012CE52 /* twofish.h */ = {isa = PBXFileReference; fileEncoding = 4; lastKnownFileType = sourcecode.c.h; path = twofish.h; sourceTree = "<group>"; };
		50A86441181C7DED0012CE52 /* validate.h */ = {isa = PBXFileReference; fileEncoding = 4; lastKnownFileType = sourcecode.c.h; path = validate.h; sourceTree = "<group>"; };
		50A86442181C7DED0012CE52 /* vmac.h */ = {isa = PBXFileReference; fileEncoding = 4; lastKnownFileType = sourcecode.c.h; path = vmac.h; sourceTree = "<group>"; };
		50A86443181C7DED0012CE52 /* wait.h */ = {isa = PBXFileReference; fileEncoding = 4; lastKnownFileType = sourcecode.c.h; path = wait.h; sourceTree = "<group>"; };
		50A86444181C7DED0012CE52 /* wake.h */ = {isa = PBXFileReference; fileEncoding = 4; lastKnownFileType = sourcecode.c.h; path = wake.h; sourceTree = "<group>"; };
		50A86445181C7DED0012CE52 /* whrlpool.h */ = {isa = PBXFileReference; fileEncoding = 4; lastKnownFileType = sourcecode.c.h; path = whrlpool.h; sourceTree = "<group>"; };
		50A86446181C7DED0012CE52 /* winpipes.h */ = {isa = PBXFileReference; fileEncoding = 4; lastKnownFileType = sourcecode.c.h; path = winpipes.h; sourceTree = "<group>"; };
		50A86447181C7DED0012CE52 /* words.h */ = {isa = PBXFileReference; fileEncoding = 4; lastKnownFileType = sourcecode.c.h; path = words.h; sourceTree = "<group>"; };
		50A86448181C7DED0012CE52 /* xtr.h */ = {isa = PBXFileReference; fileEncoding = 4; lastKnownFileType = sourcecode.c.h; path = xtr.h; sourceTree = "<group>"; };
		50A86449181C7DED0012CE52 /* xtrcrypt.h */ = {isa = PBXFileReference; fileEncoding = 4; lastKnownFileType = sourcecode.c.h; path = xtrcrypt.h; sourceTree = "<group>"; };
		50A8644A181C7DED0012CE52 /* zdeflate.h */ = {isa = PBXFileReference; fileEncoding = 4; lastKnownFileType = sourcecode.c.h; path = zdeflate.h; sourceTree = "<group>"; };
		50A8644B181C7DED0012CE52 /* zinflate.h */ = {isa = PBXFileReference; fileEncoding = 4; lastKnownFileType = sourcecode.c.h; path = zinflate.h; sourceTree = "<group>"; };
		50A8644C181C7DED0012CE52 /* zlib.h */ = {isa = PBXFileReference; fileEncoding = 4; lastKnownFileType = sourcecode.c.h; path = zlib.h; sourceTree = "<group>"; };
		50A8644D181C7E0E0012CE52 /* libcryptopp.a */ = {isa = PBXFileReference; lastKnownFileType = archive.ar; path = libcryptopp.a; sourceTree = "<group>"; };
		50AC470A1857336600CC36B4 /* Images.xcassets */ = {isa = PBXFileReference; lastKnownFileType = folder.assetcatalog; path = Images.xcassets; sourceTree = "<group>"; };
		50AC474318573D6800CC36B4 /* QRCodeEncoderObjectiveCAtGithub.xcodeproj */ = {isa = PBXFileReference; lastKnownFileType = "wrapper.pb-project"; name = QRCodeEncoderObjectiveCAtGithub.xcodeproj; path = "Vendor/QR-Code-Encoder-for-Objective-C/QRCodeEncoderObjectiveCAtGithub.xcodeproj"; sourceTree = SOURCE_ROOT; };
		83F72F5914A407170061CCFF /* Cryptopp-for-iOS.app */ = {isa = PBXFileReference; explicitFileType = wrapper.application; includeInIndex = 0; path = "Cryptopp-for-iOS.app"; sourceTree = BUILT_PRODUCTS_DIR; };
		83F72F5D14A407170061CCFF /* UIKit.framework */ = {isa = PBXFileReference; lastKnownFileType = wrapper.framework; name = UIKit.framework; path = System/Library/Frameworks/UIKit.framework; sourceTree = SDKROOT; };
		83F72F5F14A407170061CCFF /* Foundation.framework */ = {isa = PBXFileReference; lastKnownFileType = wrapper.framework; name = Foundation.framework; path = System/Library/Frameworks/Foundation.framework; sourceTree = SDKROOT; };
		83F72F6114A407170061CCFF /* CoreGraphics.framework */ = {isa = PBXFileReference; lastKnownFileType = wrapper.framework; name = CoreGraphics.framework; path = System/Library/Frameworks/CoreGraphics.framework; sourceTree = SDKROOT; };
		83F72F6514A407170061CCFF /* Cryptopp-for-iOS-Info.plist */ = {isa = PBXFileReference; lastKnownFileType = text.plist.xml; path = "Cryptopp-for-iOS-Info.plist"; sourceTree = "<group>"; };
		83F72F6714A407170061CCFF /* en */ = {isa = PBXFileReference; lastKnownFileType = text.plist.strings; name = en; path = en.lproj/InfoPlist.strings; sourceTree = "<group>"; };
		83F72F6914A407170061CCFF /* main.mm */ = {isa = PBXFileReference; lastKnownFileType = sourcecode.cpp.objcpp; path = main.mm; sourceTree = "<group>"; };
		83F72F6B14A407170061CCFF /* Cryptopp-for-iOS-Prefix.pch */ = {isa = PBXFileReference; lastKnownFileType = sourcecode.c.h; path = "Cryptopp-for-iOS-Prefix.pch"; sourceTree = "<group>"; };
		83F72F6C14A407170061CCFF /* CryptoppDemoAppDelegate.h */ = {isa = PBXFileReference; lastKnownFileType = sourcecode.c.h; path = CryptoppDemoAppDelegate.h; sourceTree = "<group>"; };
		83F72F6D14A407170061CCFF /* CryptoppDemoAppDelegate.mm */ = {isa = PBXFileReference; lastKnownFileType = sourcecode.cpp.objcpp; path = CryptoppDemoAppDelegate.mm; sourceTree = "<group>"; };
		83F72F7614A407170061CCFF /* en */ = {isa = PBXFileReference; lastKnownFileType = file.xib; name = en; path = en.lproj/CryptoppDemoMainViewController_iPhone.xib; sourceTree = "<group>"; };
		83F72F7914A407170061CCFF /* en */ = {isa = PBXFileReference; lastKnownFileType = file.xib; name = en; path = en.lproj/CryptoppDemoMainViewController_iPad.xib; sourceTree = "<group>"; };
		83F72F7C14A407170061CCFF /* en */ = {isa = PBXFileReference; lastKnownFileType = file.xib; name = en; path = en.lproj/CryptoppDemoHashViewController_iPhone.xib; sourceTree = "<group>"; };
		83F72F7F14A407170061CCFF /* en */ = {isa = PBXFileReference; lastKnownFileType = file.xib; name = en; path = en.lproj/CryptoppDemoHashViewController_iPad.xib; sourceTree = "<group>"; };
/* End PBXFileReference section */

/* Begin PBXFrameworksBuildPhase section */
		83F72F5614A407170061CCFF /* Frameworks */ = {
			isa = PBXFrameworksBuildPhase;
			buildActionMask = 2147483647;
			files = (
				50AC474E18573D9300CC36B4 /* libqrencoder.a in Frameworks */,
				5012B451181FF6C4008D74D4 /* AddressBook.framework in Frameworks */,
				5012B452181FF6C4008D74D4 /* AddressBookUI.framework in Frameworks */,
				5012B44E181FF6BA008D74D4 /* libiconv.dylib in Frameworks */,
				5012B44C181FF6AD008D74D4 /* CoreMedia.framework in Frameworks */,
				5012B44A181FF6A6008D74D4 /* CoreVideo.framework in Frameworks */,
				5012B448181FF69F008D74D4 /* AudioToolbox.framework in Frameworks */,
				5012B446181FF697008D74D4 /* AVFoundation.framework in Frameworks */,
				83F72F5E14A407170061CCFF /* UIKit.framework in Frameworks */,
				83F72F6014A407170061CCFF /* Foundation.framework in Frameworks */,
				83F72F6214A407170061CCFF /* CoreGraphics.framework in Frameworks */,
				50A8644E181C7E0E0012CE52 /* libcryptopp.a in Frameworks */,
			);
			runOnlyForDeploymentPostprocessing = 0;
		};
/* End PBXFrameworksBuildPhase section */

/* Begin PBXGroup section */
		5002FCA01919558C00A998BC /* ViewControllers */ = {
			isa = PBXGroup;
			children = (
				5002FCA11919558C00A998BC /* CryptoppDemoHashViewController.h */,
				5002FCA21919558C00A998BC /* CryptoppDemoHashViewController.m */,
				5002FCA31919558C00A998BC /* CryptoppDemoMainViewController.h */,
				5002FCA41919558C00A998BC /* CryptoppDemoMainViewController.m */,
				5002FCA51919558C00A998BC /* QRViewConroller */,
				5002FCA81919558C00A998BC /* QRViewController.xib */,
				5002FCA91919558C00A998BC /* ScannerViewController */,
				5002FCAC1919558C00A998BC /* SigmaViewController */,
				5002FCAF1919558C00A998BC /* SigmaViewController.xib */,
				5002FCB01919558C00A998BC /* SignMessageViewController */,
				5002FCB31919558C00A998BC /* SignMessageViewController.xib */,
			);
			name = ViewControllers;
			path = "Cryptopp-for-iOS/ViewControllers";
			sourceTree = SOURCE_ROOT;
		};
		5002FCA51919558C00A998BC /* QRViewConroller */ = {
			isa = PBXGroup;
			children = (
				5002FCA61919558C00A998BC /* QRViewController.h */,
				5002FCA71919558C00A998BC /* QRViewController.mm */,
			);
			path = QRViewConroller;
			sourceTree = "<group>";
		};
		5002FCA91919558C00A998BC /* ScannerViewController */ = {
			isa = PBXGroup;
			children = (
				5002FCAA1919558C00A998BC /* ScannerViewController.h */,
				5002FCAB1919558C00A998BC /* ScannerViewController.m */,
				5002FCFA19195E4000A998BC /* ScannerViewController.xib */,
			);
			path = ScannerViewController;
			sourceTree = "<group>";
		};
		5002FCAC1919558C00A998BC /* SigmaViewController */ = {
			isa = PBXGroup;
			children = (
				5002FCAD1919558C00A998BC /* SigmaViewController.h */,
				5002FCAE1919558C00A998BC /* SigmaViewController.mm */,
			);
			path = SigmaViewController;
			sourceTree = "<group>";
		};
		5002FCB01919558C00A998BC /* SignMessageViewController */ = {
			isa = PBXGroup;
			children = (
				5002FCB11919558C00A998BC /* SignMessageViewController.h */,
				5002FCB21919558C00A998BC /* SignMessageViewController.mm */,
			);
			path = SignMessageViewController;
			sourceTree = "<group>";
		};
		5002FCB41919558C00A998BC /* Categories */ = {
			isa = PBXGroup;
			children = (
				5002FCB51919558C00A998BC /* NSData+Base64.h */,
				5002FCB61919558C00A998BC /* NSData+Base64.m */,
				5002FCB71919558C00A998BC /* NSString+CStringLossless.h */,
				5002FCB81919558C00A998BC /* NSString+CStringLossless.mm */,
				5002FCB91919558C00A998BC /* UIView+Geometry.h */,
				5002FCBA1919558C00A998BC /* UIView+Geometry.m */,
			);
			name = Categories;
			path = "Cryptopp-for-iOS/Categories";
			sourceTree = SOURCE_ROOT;
		};
		5002FCBB1919558C00A998BC /* Model */ = {
			isa = PBXGroup;
			children = (
				5002FCBC1919558C00A998BC /* CryptoppWrapper */,
			);
			name = Model;
			path = "Cryptopp-for-iOS/Model";
			sourceTree = SOURCE_ROOT;
		};
		5002FCBC1919558C00A998BC /* CryptoppWrapper */ = {
			isa = PBXGroup;
			children = (
				5002FCBD1919558C00A998BC /* Core */,
				5002FCD01919558C00A998BC /* CryptoppSignature.h */,
				5002FCD11919558C00A998BC /* CryptoppSignature.mm */,
				5002FCD21919558C00A998BC /* Hash */,
				5002FCD51919558C00A998BC /* Schnorr */,
				5002FCD81919558C00A998BC /* Sigma */,
			);
			path = CryptoppWrapper;
			sourceTree = "<group>";
		};
		5002FCBD1919558C00A998BC /* Core */ = {
			isa = PBXGroup;
			children = (
				5002FCBE1919558C00A998BC /* AKETest.cpp */,
				5002FCBF1919558C00A998BC /* AKETest.h */,
				5002FCC01919558C00A998BC /* Certification.cpp */,
				5002FCC11919558C00A998BC /* Certification.h */,
				5002FCC21919558C00A998BC /* cryptocpp-key-gen.cpp */,
				5002FCC31919558C00A998BC /* cryptocpp-key-gen.h */,
				5002FCC41919558C00A998BC /* EncDecClass.cpp */,
				5002FCC51919558C00A998BC /* EncDecClass.h */,
				5002FCC61919558C00A998BC /* EncDecTest.cpp */,
				5002FCC71919558C00A998BC /* EncDecTest.h */,
				5002FCC81919558C00A998BC /* Hash.cpp */,
				5002FCC91919558C00A998BC /* Hash.h */,
				5002FCCA1919558C00A998BC /* KeyGenerator.cpp */,
				5002FCCB1919558C00A998BC /* KeyGenerator.h */,
				5002FCCC1919558C00A998BC /* SchnorrSignature.cpp */,
				5002FCCD1919558C00A998BC /* SchnorrSignature.h */,
				5002FCCE1919558C00A998BC /* Sigma.cpp */,
				5002FCCF1919558C00A998BC /* Sigma.h */,
			);
			path = Core;
			sourceTree = "<group>";
		};
		5002FCD21919558C00A998BC /* Hash */ = {
			isa = PBXGroup;
			children = (
				5002FCD31919558C00A998BC /* CryptoppHash.h */,
				5002FCD41919558C00A998BC /* CryptoppHash.mm */,
			);
			path = Hash;
			sourceTree = "<group>";
		};
		5002FCD51919558C00A998BC /* Schnorr */ = {
			isa = PBXGroup;
			children = (
				5002FCD61919558C00A998BC /* SchnorrSigningModel.h */,
				5002FCD71919558C00A998BC /* SchnorrSigningModel.mm */,
			);
			path = Schnorr;
			sourceTree = "<group>";
		};
		5002FCD81919558C00A998BC /* Sigma */ = {
			isa = PBXGroup;
			children = (
				5002FCD91919558C00A998BC /* SigmaKeyAgreement.h */,
				5002FCDA1919558C00A998BC /* SigmaKeyAgreement.mm */,
				5002FCDB1919558C00A998BC /* SigmaKeyValidation.h */,
				5002FCDC1919558C00A998BC /* SigmaKeyValidation.mm */,
				5002FCDD1919558C00A998BC /* SigmaParty.h */,
				5002FCDE1919558C00A998BC /* SigmaParty.mm */,
			);
			path = Sigma;
			sourceTree = "<group>";
		};
		50AC474418573D6800CC36B4 /* Products */ = {
			isa = PBXGroup;
			children = (
				50AC474918573D6800CC36B4 /* libqrencoder.a */,
				50AC474B18573D6800CC36B4 /* QRCodeEncoderDemo.app */,
			);
			name = Products;
			sourceTree = "<group>";
		};
		50AC4755185742E200CC36B4 /* Vendor */ = {
			isa = PBXGroup;
			children = (
				50AC474318573D6800CC36B4 /* QRCodeEncoderObjectiveCAtGithub.xcodeproj */,
			);
			name = Vendor;
			sourceTree = "<group>";
		};
		83F72F4E14A407170061CCFF = {
			isa = PBXGroup;
			children = (
				5002FCA01919558C00A998BC /* ViewControllers */,
				5002FCB41919558C00A998BC /* Categories */,
				5002FCBB1919558C00A998BC /* Model */,
				83F72FC214A45BEC0061CCFF /* external */,
				83F72F6314A407170061CCFF /* Cryptopp-for-iOS */,
				83F72F5C14A407170061CCFF /* Frameworks */,
				83F72F5A14A407170061CCFF /* Products */,
			);
			sourceTree = "<group>";
		};
		83F72F5A14A407170061CCFF /* Products */ = {
			isa = PBXGroup;
			children = (
				83F72F5914A407170061CCFF /* Cryptopp-for-iOS.app */,
			);
			name = Products;
			sourceTree = "<group>";
		};
		83F72F5C14A407170061CCFF /* Frameworks */ = {
			isa = PBXGroup;
			children = (
				5012B44F181FF6C4008D74D4 /* AddressBook.framework */,
				5012B450181FF6C4008D74D4 /* AddressBookUI.framework */,
				5012B44D181FF6BA008D74D4 /* libiconv.dylib */,
				5012B44B181FF6AD008D74D4 /* CoreMedia.framework */,
				5012B449181FF6A6008D74D4 /* CoreVideo.framework */,
				5012B447181FF69F008D74D4 /* AudioToolbox.framework */,
				5012B445181FF697008D74D4 /* AVFoundation.framework */,
				83F72F5D14A407170061CCFF /* UIKit.framework */,
				83F72F5F14A407170061CCFF /* Foundation.framework */,
				83F72F6114A407170061CCFF /* CoreGraphics.framework */,
			);
			name = Frameworks;
			sourceTree = "<group>";
		};
		83F72F6314A407170061CCFF /* Cryptopp-for-iOS */ = {
			isa = PBXGroup;
			children = (
				83F72F6C14A407170061CCFF /* CryptoppDemoAppDelegate.h */,
				83F72F6D14A407170061CCFF /* CryptoppDemoAppDelegate.mm */,
				83F72F7514A407170061CCFF /* CryptoppDemoMainViewController_iPhone.xib */,
				83F72F7814A407170061CCFF /* CryptoppDemoMainViewController_iPad.xib */,
				83F72F7B14A407170061CCFF /* CryptoppDemoHashViewController_iPhone.xib */,
				83F72F7E14A407170061CCFF /* CryptoppDemoHashViewController_iPad.xib */,
				50AC4755185742E200CC36B4 /* Vendor */,
				50AC470A1857336600CC36B4 /* Images.xcassets */,
				83F72F6414A407170061CCFF /* Supporting Files */,
			);
			path = "Cryptopp-for-iOS";
			sourceTree = "<group>";
		};
		83F72F6414A407170061CCFF /* Supporting Files */ = {
			isa = PBXGroup;
			children = (
				83F72F6514A407170061CCFF /* Cryptopp-for-iOS-Info.plist */,
				83F72F6614A407170061CCFF /* InfoPlist.strings */,
				83F72F6914A407170061CCFF /* main.mm */,
				83F72F6B14A407170061CCFF /* Cryptopp-for-iOS-Prefix.pch */,
			);
			name = "Supporting Files";
			sourceTree = "<group>";
		};
		83F72FC214A45BEC0061CCFF /* external */ = {
			isa = PBXGroup;
			children = (
				83F72FC314A45BEC0061CCFF /* include */,
				83F7304B14A45BEC0061CCFF /* lib */,
			);
			path = external;
			sourceTree = "<group>";
		};
		83F72FC314A45BEC0061CCFF /* include */ = {
			isa = PBXGroup;
			children = (
				83F72FC414A45BEC0061CCFF /* cryptopp */,
			);
			path = include;
			sourceTree = "<group>";
		};
		83F72FC414A45BEC0061CCFF /* cryptopp */ = {
			isa = PBXGroup;
			children = (
				50A863C6181C7DEC0012CE52 /* 3way.h */,
				50A863C7181C7DEC0012CE52 /* adler32.h */,
				50A863C8181C7DEC0012CE52 /* aes.h */,
				50A863C9181C7DEC0012CE52 /* algebra.h */,
				50A863CA181C7DEC0012CE52 /* algparam.h */,
				50A863CB181C7DEC0012CE52 /* arc4.h */,
				50A863CC181C7DEC0012CE52 /* argnames.h */,
				50A863CD181C7DEC0012CE52 /* asn.h */,
				50A863CE181C7DEC0012CE52 /* authenc.h */,
				50A863CF181C7DEC0012CE52 /* base32.h */,
				50A863D0181C7DEC0012CE52 /* base64.h */,
				50A863D1181C7DEC0012CE52 /* basecode.h */,
				50A863D2181C7DEC0012CE52 /* bench.h */,
				50A863D3181C7DEC0012CE52 /* blowfish.h */,
				50A863D4181C7DEC0012CE52 /* blumshub.h */,
				50A863D5181C7DEC0012CE52 /* camellia.h */,
				50A863D6181C7DEC0012CE52 /* cast.h */,
				50A863D7181C7DEC0012CE52 /* cbcmac.h */,
				50A863D8181C7DEC0012CE52 /* ccm.h */,
				50A863D9181C7DEC0012CE52 /* channels.h */,
				50A863DA181C7DEC0012CE52 /* cmac.h */,
				50A863DB181C7DEC0012CE52 /* config.h */,
				50A863DC181C7DEC0012CE52 /* cpu.h */,
				50A863DD181C7DEC0012CE52 /* crc.h */,
				50A863DE181C7DEC0012CE52 /* cryptlib.h */,
				50A863DF181C7DEC0012CE52 /* default.h */,
				50A863E0181C7DEC0012CE52 /* des.h */,
				50A863E1181C7DEC0012CE52 /* dh.h */,
				50A863E2181C7DEC0012CE52 /* dh2.h */,
				50A863E3181C7DEC0012CE52 /* dll.h */,
				50A863E4181C7DEC0012CE52 /* dmac.h */,
				50A863E5181C7DEC0012CE52 /* dsa.h */,
				50A863E6181C7DEC0012CE52 /* eax.h */,
				50A863E7181C7DEC0012CE52 /* ec2n.h */,
				50A863E8181C7DEC0012CE52 /* eccrypto.h */,
				50A863E9181C7DEC0012CE52 /* ecp.h */,
				50A863EA181C7DEC0012CE52 /* elgamal.h */,
				50A863EB181C7DEC0012CE52 /* emsa2.h */,
				50A863EC181C7DEC0012CE52 /* eprecomp.h */,
				50A863ED181C7DEC0012CE52 /* esign.h */,
				50A863EE181C7DEC0012CE52 /* factory.h */,
				50A863EF181C7DEC0012CE52 /* files.h */,
				50A863F0181C7DEC0012CE52 /* filters.h */,
				50A863F1181C7DEC0012CE52 /* fips140.h */,
				50A863F2181C7DEC0012CE52 /* fltrimpl.h */,
				50A863F3181C7DEC0012CE52 /* gcm.h */,
				50A863F4181C7DEC0012CE52 /* gf2_32.h */,
				50A863F5181C7DEC0012CE52 /* gf2n.h */,
				50A863F6181C7DEC0012CE52 /* gf256.h */,
				50A863F7181C7DEC0012CE52 /* gfpcrypt.h */,
				50A863F8181C7DEC0012CE52 /* gost.h */,
				50A863F9181C7DEC0012CE52 /* gzip.h */,
				50A863FA181C7DEC0012CE52 /* hex.h */,
				50A863FB181C7DEC0012CE52 /* hmac.h */,
				50A863FC181C7DEC0012CE52 /* hrtimer.h */,
				50A863FD181C7DEC0012CE52 /* ida.h */,
				50A863FE181C7DEC0012CE52 /* idea.h */,
				50A863FF181C7DEC0012CE52 /* integer.h */,
				50A86400181C7DEC0012CE52 /* iterhash.h */,
				50A86401181C7DEC0012CE52 /* lubyrack.h */,
				50A86402181C7DEC0012CE52 /* luc.h */,
				50A86403181C7DEC0012CE52 /* mars.h */,
				50A86404181C7DEC0012CE52 /* md2.h */,
				50A86405181C7DEC0012CE52 /* md4.h */,
				50A86406181C7DEC0012CE52 /* md5.h */,
				50A86407181C7DEC0012CE52 /* mdc.h */,
				50A86408181C7DEC0012CE52 /* misc.h */,
				50A86409181C7DEC0012CE52 /* modarith.h */,
				50A8640A181C7DEC0012CE52 /* modes.h */,
				50A8640B181C7DEC0012CE52 /* modexppc.h */,
				50A8640C181C7DEC0012CE52 /* mqueue.h */,
				50A8640D181C7DEC0012CE52 /* mqv.h */,
				50A8640E181C7DEC0012CE52 /* nbtheory.h */,
				50A8640F181C7DEC0012CE52 /* network.h */,
				50A86410181C7DEC0012CE52 /* nr.h */,
				50A86411181C7DEC0012CE52 /* oaep.h */,
				50A86412181C7DEC0012CE52 /* oids.h */,
				50A86413181C7DEC0012CE52 /* osrng.h */,
				50A86414181C7DEC0012CE52 /* panama.h */,
				50A86415181C7DEC0012CE52 /* pch.h */,
				50A86416181C7DEC0012CE52 /* pkcspad.h */,
				50A86417181C7DEC0012CE52 /* polynomi.h */,
				50A86418181C7DEC0012CE52 /* pssr.h */,
				50A86419181C7DEC0012CE52 /* pubkey.h */,
				50A8641A181C7DEC0012CE52 /* pwdbased.h */,
				50A8641B181C7DEC0012CE52 /* queue.h */,
				50A8641C181C7DEC0012CE52 /* rabin.h */,
				50A8641D181C7DEC0012CE52 /* randpool.h */,
				50A8641E181C7DEC0012CE52 /* rc2.h */,
				50A8641F181C7DEC0012CE52 /* rc5.h */,
				50A86420181C7DEC0012CE52 /* rc6.h */,
				50A86421181C7DEC0012CE52 /* resource.h */,
				50A86422181C7DEC0012CE52 /* rijndael.h */,
				50A86423181C7DEC0012CE52 /* ripemd.h */,
				50A86424181C7DEC0012CE52 /* rng.h */,
				50A86425181C7DEC0012CE52 /* rsa.h */,
				50A86426181C7DEC0012CE52 /* rw.h */,
				50A86427181C7DEC0012CE52 /* safer.h */,
				50A86428181C7DEC0012CE52 /* salsa.h */,
				50A86429181C7DEC0012CE52 /* seal.h */,
				50A8642A181C7DEC0012CE52 /* secblock.h */,
				50A8642B181C7DEC0012CE52 /* seckey.h */,
				50A8642C181C7DEC0012CE52 /* seed.h */,
				50A8642D181C7DEC0012CE52 /* serpent.h */,
				50A8642E181C7DEC0012CE52 /* serpentp.h */,
				50A8642F181C7DEC0012CE52 /* sha.h */,
				50A86430181C7DEC0012CE52 /* sha3.h */,
				50A86431181C7DEC0012CE52 /* shacal2.h */,
				50A86432181C7DEC0012CE52 /* shark.h */,
				50A86433181C7DEC0012CE52 /* simple.h */,
				50A86434181C7DEC0012CE52 /* skipjack.h */,
				50A86435181C7DEC0012CE52 /* smartptr.h */,
				50A86436181C7DED0012CE52 /* socketft.h */,
				50A86437181C7DED0012CE52 /* sosemanuk.h */,
				50A86438181C7DED0012CE52 /* square.h */,
				50A86439181C7DED0012CE52 /* stdcpp.h */,
				50A8643A181C7DED0012CE52 /* strciphr.h */,
				50A8643B181C7DED0012CE52 /* tea.h */,
				50A8643C181C7DED0012CE52 /* tiger.h */,
				50A8643D181C7DED0012CE52 /* trdlocal.h */,
				50A8643E181C7DED0012CE52 /* trunhash.h */,
				50A8643F181C7DED0012CE52 /* ttmac.h */,
				50A86440181C7DED0012CE52 /* twofish.h */,
				50A86441181C7DED0012CE52 /* validate.h */,
				50A86442181C7DED0012CE52 /* vmac.h */,
				50A86443181C7DED0012CE52 /* wait.h */,
				50A86444181C7DED0012CE52 /* wake.h */,
				50A86445181C7DED0012CE52 /* whrlpool.h */,
				50A86446181C7DED0012CE52 /* winpipes.h */,
				50A86447181C7DED0012CE52 /* words.h */,
				50A86448181C7DED0012CE52 /* xtr.h */,
				50A86449181C7DED0012CE52 /* xtrcrypt.h */,
				50A8644A181C7DED0012CE52 /* zdeflate.h */,
				50A8644B181C7DED0012CE52 /* zinflate.h */,
				50A8644C181C7DED0012CE52 /* zlib.h */,
			);
			path = cryptopp;
			sourceTree = "<group>";
		};
		83F7304B14A45BEC0061CCFF /* lib */ = {
			isa = PBXGroup;
			children = (
				50A8644D181C7E0E0012CE52 /* libcryptopp.a */,
			);
			path = lib;
			sourceTree = "<group>";
		};
/* End PBXGroup section */

/* Begin PBXNativeTarget section */
		83F72F5814A407170061CCFF /* Cryptopp-for-iOS */ = {
			isa = PBXNativeTarget;
			buildConfigurationList = 83F72F8314A407170061CCFF /* Build configuration list for PBXNativeTarget "Cryptopp-for-iOS" */;
			buildPhases = (
				83F72F5514A407170061CCFF /* Sources */,
				83F72F5614A407170061CCFF /* Frameworks */,
				83F72F5714A407170061CCFF /* Resources */,
			);
			buildRules = (
			);
			dependencies = (
				50AC474D18573D8500CC36B4 /* PBXTargetDependency */,
			);
			name = "Cryptopp-for-iOS";
			productName = "Cryptopp-for-iOS";
			productReference = 83F72F5914A407170061CCFF /* Cryptopp-for-iOS.app */;
			productType = "com.apple.product-type.application";
		};
/* End PBXNativeTarget section */

/* Begin PBXProject section */
		83F72F5014A407170061CCFF /* Project object */ = {
			isa = PBXProject;
			attributes = {
				LastUpgradeCheck = 0420;
			};
			buildConfigurationList = 83F72F5314A407170061CCFF /* Build configuration list for PBXProject "Cryptopp-for-iOS" */;
			compatibilityVersion = "Xcode 3.2";
			developmentRegion = English;
			hasScannedForEncodings = 0;
			knownRegions = (
				en,
			);
			mainGroup = 83F72F4E14A407170061CCFF;
			productRefGroup = 83F72F5A14A407170061CCFF /* Products */;
			projectDirPath = "";
			projectReferences = (
				{
					ProductGroup = 50AC474418573D6800CC36B4 /* Products */;
					ProjectRef = 50AC474318573D6800CC36B4 /* QRCodeEncoderObjectiveCAtGithub.xcodeproj */;
				},
			);
			projectRoot = "";
			targets = (
				83F72F5814A407170061CCFF /* Cryptopp-for-iOS */,
			);
		};
/* End PBXProject section */

/* Begin PBXReferenceProxy section */
		50AC474918573D6800CC36B4 /* libqrencoder.a */ = {
			isa = PBXReferenceProxy;
			fileType = archive.ar;
			path = libqrencoder.a;
			remoteRef = 50AC474818573D6800CC36B4 /* PBXContainerItemProxy */;
			sourceTree = BUILT_PRODUCTS_DIR;
		};
		50AC474B18573D6800CC36B4 /* QRCodeEncoderDemo.app */ = {
			isa = PBXReferenceProxy;
			fileType = wrapper.application;
			path = QRCodeEncoderDemo.app;
			remoteRef = 50AC474A18573D6800CC36B4 /* PBXContainerItemProxy */;
			sourceTree = BUILT_PRODUCTS_DIR;
		};
/* End PBXReferenceProxy section */

/* Begin PBXResourcesBuildPhase section */
		83F72F5714A407170061CCFF /* Resources */ = {
			isa = PBXResourcesBuildPhase;
			buildActionMask = 2147483647;
			files = (
				50AC470B1857336600CC36B4 /* Images.xcassets in Resources */,
				83F72F6814A407170061CCFF /* InfoPlist.strings in Resources */,
				83F72F7714A407170061CCFF /* CryptoppDemoMainViewController_iPhone.xib in Resources */,
				83F72F7A14A407170061CCFF /* CryptoppDemoMainViewController_iPad.xib in Resources */,
				5002FCE71919558C00A998BC /* SignMessageViewController.xib in Resources */,
				5002FCE51919558C00A998BC /* SigmaViewController.xib in Resources */,
				83F72F7D14A407170061CCFF /* CryptoppDemoHashViewController_iPhone.xib in Resources */,
				5002FCE21919558C00A998BC /* QRViewController.xib in Resources */,
				83F72F8014A407170061CCFF /* CryptoppDemoHashViewController_iPad.xib in Resources */,
				5002FCFB19195E4000A998BC /* ScannerViewController.xib in Resources */,
			);
			runOnlyForDeploymentPostprocessing = 0;
		};
/* End PBXResourcesBuildPhase section */

/* Begin PBXSourcesBuildPhase section */
		83F72F5514A407170061CCFF /* Sources */ = {
			isa = PBXSourcesBuildPhase;
			buildActionMask = 2147483647;
			files = (
				5002FCDF1919558C00A998BC /* CryptoppDemoHashViewController.m in Sources */,
				5002FCEF1919558C00A998BC /* EncDecTest.cpp in Sources */,
				5002FCEC1919558C00A998BC /* Certification.cpp in Sources */,
				5002FCE61919558C00A998BC /* SignMessageViewController.mm in Sources */,
				5002FCF91919558C00A998BC /* SigmaParty.mm in Sources */,
				5002FCE31919558C00A998BC /* ScannerViewController.m in Sources */,
				5002FCF21919558C00A998BC /* SchnorrSignature.cpp in Sources */,
				5002FCF71919558C00A998BC /* SigmaKeyAgreement.mm in Sources */,
				5002FCF41919558C00A998BC /* CryptoppSignature.mm in Sources */,
				83F72F6A14A407170061CCFF /* main.mm in Sources */,
				5002FCE91919558C00A998BC /* NSString+CStringLossless.mm in Sources */,
				5002FCEE1919558C00A998BC /* EncDecClass.cpp in Sources */,
				5002FCE01919558C00A998BC /* CryptoppDemoMainViewController.m in Sources */,
				5002FCF81919558C00A998BC /* SigmaKeyValidation.mm in Sources */,
				5002FCEA1919558C00A998BC /* UIView+Geometry.m in Sources */,
				5002FCE11919558C00A998BC /* QRViewController.mm in Sources */,
				5002FCF11919558C00A998BC /* KeyGenerator.cpp in Sources */,
				5002FCF51919558C00A998BC /* CryptoppHash.mm in Sources */,
				5002FCE41919558C00A998BC /* SigmaViewController.mm in Sources */,
				5002FCF61919558C00A998BC /* SchnorrSigningModel.mm in Sources */,
				5002FCF01919558C00A998BC /* Hash.cpp in Sources */,
				5002FCF31919558C00A998BC /* Sigma.cpp in Sources */,
				5002FCEB1919558C00A998BC /* AKETest.cpp in Sources */,
				83F72F6E14A407170061CCFF /* CryptoppDemoAppDelegate.mm in Sources */,
				5002FCE81919558C00A998BC /* NSData+Base64.m in Sources */,
				5002FCED1919558C00A998BC /* cryptocpp-key-gen.cpp in Sources */,
			);
			runOnlyForDeploymentPostprocessing = 0;
		};
/* End PBXSourcesBuildPhase section */

/* Begin PBXTargetDependency section */
		50AC474D18573D8500CC36B4 /* PBXTargetDependency */ = {
			isa = PBXTargetDependency;
			name = qrencoder;
			targetProxy = 50AC474C18573D8500CC36B4 /* PBXContainerItemProxy */;
		};
/* End PBXTargetDependency section */

/* Begin PBXVariantGroup section */
		83F72F6614A407170061CCFF /* InfoPlist.strings */ = {
			isa = PBXVariantGroup;
			children = (
				83F72F6714A407170061CCFF /* en */,
			);
			name = InfoPlist.strings;
			sourceTree = "<group>";
		};
		83F72F7514A407170061CCFF /* CryptoppDemoMainViewController_iPhone.xib */ = {
			isa = PBXVariantGroup;
			children = (
				83F72F7614A407170061CCFF /* en */,
			);
			name = CryptoppDemoMainViewController_iPhone.xib;
			sourceTree = "<group>";
		};
		83F72F7814A407170061CCFF /* CryptoppDemoMainViewController_iPad.xib */ = {
			isa = PBXVariantGroup;
			children = (
				83F72F7914A407170061CCFF /* en */,
			);
			name = CryptoppDemoMainViewController_iPad.xib;
			sourceTree = "<group>";
		};
		83F72F7B14A407170061CCFF /* CryptoppDemoHashViewController_iPhone.xib */ = {
			isa = PBXVariantGroup;
			children = (
				83F72F7C14A407170061CCFF /* en */,
			);
			name = CryptoppDemoHashViewController_iPhone.xib;
			sourceTree = "<group>";
		};
		83F72F7E14A407170061CCFF /* CryptoppDemoHashViewController_iPad.xib */ = {
			isa = PBXVariantGroup;
			children = (
				83F72F7F14A407170061CCFF /* en */,
			);
			name = CryptoppDemoHashViewController_iPad.xib;
			sourceTree = "<group>";
		};
/* End PBXVariantGroup section */

/* Begin XCBuildConfiguration section */
		83F72F8114A407170061CCFF /* Debug */ = {
			isa = XCBuildConfiguration;
			buildSettings = {
				ALWAYS_SEARCH_USER_PATHS = NO;
				ARCHS = "$(ARCHS_STANDARD_32_BIT)";
				CLANG_ENABLE_OBJC_ARC = YES;
				"CODE_SIGN_IDENTITY[sdk=iphoneos*]" = "iPhone Developer";
				COPY_PHASE_STRIP = NO;
				GCC_C_LANGUAGE_STANDARD = gnu99;
				GCC_DYNAMIC_NO_PIC = NO;
				GCC_OPTIMIZATION_LEVEL = 0;
				GCC_PREPROCESSOR_DEFINITIONS = (
					"DEBUG=1",
					"$(inherited)",
				);
				GCC_SYMBOLS_PRIVATE_EXTERN = NO;
				GCC_VERSION = com.apple.compilers.llvm.clang.1_0;
				GCC_WARN_ABOUT_MISSING_PROTOTYPES = YES;
				GCC_WARN_ABOUT_RETURN_TYPE = YES;
				GCC_WARN_UNUSED_VARIABLE = YES;
				IPHONEOS_DEPLOYMENT_TARGET = 5.0;
				SDKROOT = iphoneos;
				TARGETED_DEVICE_FAMILY = "1,2";
			};
			name = Debug;
		};
		83F72F8214A407170061CCFF /* Release */ = {
			isa = XCBuildConfiguration;
			buildSettings = {
				ALWAYS_SEARCH_USER_PATHS = NO;
				ARCHS = "$(ARCHS_STANDARD_32_BIT)";
				CLANG_ENABLE_OBJC_ARC = YES;
				"CODE_SIGN_IDENTITY[sdk=iphoneos*]" = "iPhone Developer";
				COPY_PHASE_STRIP = YES;
				GCC_C_LANGUAGE_STANDARD = gnu99;
				GCC_VERSION = com.apple.compilers.llvm.clang.1_0;
				GCC_WARN_ABOUT_MISSING_PROTOTYPES = YES;
				GCC_WARN_ABOUT_RETURN_TYPE = YES;
				GCC_WARN_UNUSED_VARIABLE = YES;
				IPHONEOS_DEPLOYMENT_TARGET = 5.0;
				OTHER_CFLAGS = "-DNS_BLOCK_ASSERTIONS=1";
				SDKROOT = iphoneos;
				TARGETED_DEVICE_FAMILY = "1,2";
				VALIDATE_PRODUCT = YES;
			};
			name = Release;
		};
		83F72F8414A407170061CCFF /* Debug */ = {
			isa = XCBuildConfiguration;
			buildSettings = {
				ARCHS = "$(ARCHS_STANDARD)";
				ASSETCATALOG_COMPILER_APPICON_NAME = AppIcon;
				ASSETCATALOG_COMPILER_LAUNCHIMAGE_NAME = LaunchImage;
				GCC_PRECOMPILE_PREFIX_HEADER = YES;
				GCC_PREFIX_HEADER = "Cryptopp-for-iOS/Cryptopp-for-iOS-Prefix.pch";
				GCC_VERSION = "";
				HEADER_SEARCH_PATHS = (
					"$(inherited)",
					"\"$(SRCROOT)/external/include\"",
					"\"$(SRCROOT)/external/include/cryptopp\"",
					/Users/pawelqus/Developer/iOS/Sample,
					"\"$(SRCROOT)/Vendor/QR-Code-Encoder-for-Objective-C/QRCodeEncoderObjectiveCAtGithub\"",
				);
				INFOPLIST_FILE = "Cryptopp-for-iOS/Cryptopp-for-iOS-Info.plist";
				IPHONEOS_DEPLOYMENT_TARGET = 6.0;
				LIBRARY_SEARCH_PATHS = (
					"$(inherited)",
					"\\\"$(SRCROOT)/external/lib\\\"",
					"/Users/pawelqus/Developer/iOS/Sample\\ apps/Library/Cryptography/CryptoPP-for-iOS/external/lib",
				);
				ONLY_ACTIVE_ARCH = YES;
				PRODUCT_NAME = "$(TARGET_NAME)";
				WRAPPER_EXTENSION = app;
			};
			name = Debug;
		};
		83F72F8514A407170061CCFF /* Release */ = {
			isa = XCBuildConfiguration;
			buildSettings = {
				ARCHS = "$(ARCHS_STANDARD)";
				ASSETCATALOG_COMPILER_APPICON_NAME = AppIcon;
				ASSETCATALOG_COMPILER_LAUNCHIMAGE_NAME = LaunchImage;
				GCC_PRECOMPILE_PREFIX_HEADER = YES;
				GCC_PREFIX_HEADER = "Cryptopp-for-iOS/Cryptopp-for-iOS-Prefix.pch";
				GCC_VERSION = "";
				HEADER_SEARCH_PATHS = (
					"$(inherited)",
					"\"$(SRCROOT)/external/include\"",
					"\"$(SRCROOT)/external/include/cryptopp\"",
					/Users/pawelqus/Developer/iOS/Sample,
					"\"$(SRCROOT)/Vendor/QR-Code-Encoder-for-Objective-C/QRCodeEncoderObjectiveCAtGithub\"",
				);
				INFOPLIST_FILE = "Cryptopp-for-iOS/Cryptopp-for-iOS-Info.plist";
				IPHONEOS_DEPLOYMENT_TARGET = 6.0;
				LIBRARY_SEARCH_PATHS = (
					"$(inherited)",
					"\\\"$(SRCROOT)/external/lib\\\"",
					"/Users/pawelqus/Developer/iOS/Sample\\ apps/Library/Cryptography/CryptoPP-for-iOS/external/lib",
				);
				PRODUCT_NAME = "$(TARGET_NAME)";
				WRAPPER_EXTENSION = app;
			};
			name = Release;
		};
/* End XCBuildConfiguration section */

/* Begin XCConfigurationList section */
		83F72F5314A407170061CCFF /* Build configuration list for PBXProject "Cryptopp-for-iOS" */ = {
			isa = XCConfigurationList;
			buildConfigurations = (
				83F72F8114A407170061CCFF /* Debug */,
				83F72F8214A407170061CCFF /* Release */,
			);
			defaultConfigurationIsVisible = 0;
			defaultConfigurationName = Release;
		};
		83F72F8314A407170061CCFF /* Build configuration list for PBXNativeTarget "Cryptopp-for-iOS" */ = {
			isa = XCConfigurationList;
			buildConfigurations = (
				83F72F8414A407170061CCFF /* Debug */,
				83F72F8514A407170061CCFF /* Release */,
			);
			defaultConfigurationIsVisible = 0;
			defaultConfigurationName = Release;
		};
/* End XCConfigurationList section */
	};
	rootObject = 83F72F5014A407170061CCFF /* Project object */;
}
